
Microsoft Visual Studio Solution File, Format Version 12.00
# Visual Studio Version 16
VisualStudioVersion = 16.0.31129.286
MinimumVisualStudioVersion = 10.0.40219.1
Project("{FAE04EC0-301F-11D3-BF4B-00C04F79EFBC}") = "ExchangeApi.Abstractions", "ExchangeApi.Abstractions\ExchangeApi.Abstractions.csproj", "{EBBAE63A-04D7-468A-87AD-18847CB8EF87}"
EndProject
Global
	GlobalSection(SolutionConfigurationPlatforms) = preSolution
		Debug|Any CPU = Debug|Any CPU
		Release|Any CPU = Release|Any CPU
	EndGlobalSection
	GlobalSection(ProjectConfigurationPlatforms) = postSolution
		{EBBAE63A-04D7-468A-87AD-18847CB8EF87}.Debug|Any CPU.ActiveCfg = Debug|Any CPU
		{EBBAE63A-04D7-468A-87AD-18847CB8EF87}.Debug|Any CPU.Build.0 = Debug|Any CPU
		{EBBAE63A-04D7-468A-87AD-18847CB8EF87}.Release|Any CPU.ActiveCfg = Release|Any CPU
		{EBBAE63A-04D7-468A-87AD-18847CB8EF87}.Release|Any CPU.Build.0 = Release|Any CPU
	EndGlobalSection
	GlobalSection(SolutionProperties) = preSolution
		HideSolutionNode = FALSE
	EndGlobalSection
	GlobalSection(ExtensibilityGlobals) = postSolution
		SolutionGuid = {6AA71E08-9610-495A-AA97-EEA7E966368A}
	EndGlobalSection
EndGlobal
